// !$*UTF8*$!
{
	archiveVersion = 1;
	classes = {
	};
	objectVersion = 56;
	objects = {

/* Begin PBXBuildFile section */
		E313A16A2A4F61F4002B5617 /* Little_Lemon_Food_Ordering_AppApp.swift in Sources */ = {isa = PBXBuildFile; fileRef = E313A1692A4F61F4002B5617 /* Little_Lemon_Food_Ordering_AppApp.swift */; };
		E313A16E2A4F61F7002B5617 /* Assets.xcassets in Resources */ = {isa = PBXBuildFile; fileRef = E313A16D2A4F61F7002B5617 /* Assets.xcassets */; };
		E313A1712A4F61F7002B5617 /* Preview Assets.xcassets in Resources */ = {isa = PBXBuildFile; fileRef = E313A1702A4F61F7002B5617 /* Preview Assets.xcassets */; };
		E313A1762A4F61F7002B5617 /* Little_Lemon_Food_Ordering_App.xcdatamodeld in Sources */ = {isa = PBXBuildFile; fileRef = E313A1742A4F61F7002B5617 /* Little_Lemon_Food_Ordering_App.xcdatamodeld */; };
		E313A1802A4F61F7002B5617 /* Little_Lemon_Food_Ordering_AppTests.swift in Sources */ = {isa = PBXBuildFile; fileRef = E313A17F2A4F61F7002B5617 /* Little_Lemon_Food_Ordering_AppTests.swift */; };
		E313A18A2A4F61F7002B5617 /* Little_Lemon_Food_Ordering_AppUITests.swift in Sources */ = {isa = PBXBuildFile; fileRef = E313A1892A4F61F7002B5617 /* Little_Lemon_Food_Ordering_AppUITests.swift */; };
		E313A18C2A4F61F7002B5617 /* Little_Lemon_Food_Ordering_AppUITestsLaunchTests.swift in Sources */ = {isa = PBXBuildFile; fileRef = E313A18B2A4F61F7002B5617 /* Little_Lemon_Food_Ordering_AppUITestsLaunchTests.swift */; };
		E32F28E52A50E628003A2DEE /* Onboarding.swift in Sources */ = {isa = PBXBuildFile; fileRef = E32F28E42A50E628003A2DEE /* Onboarding.swift */; };
		E32F28E82A50F078003A2DEE /* Home.swift in Sources */ = {isa = PBXBuildFile; fileRef = E32F28E72A50F078003A2DEE /* Home.swift */; };
		E32F28EA2A50F142003A2DEE /* Menu.swift in Sources */ = {isa = PBXBuildFile; fileRef = E32F28E92A50F142003A2DEE /* Menu.swift */; };
		E32F28EC2A50F5C8003A2DEE /* UserProfile.swift in Sources */ = {isa = PBXBuildFile; fileRef = E32F28EB2A50F5C8003A2DEE /* UserProfile.swift */; };
		E32F28EF2A50F9B9003A2DEE /* viewModel.swift in Sources */ = {isa = PBXBuildFile; fileRef = E32F28EE2A50F9B8003A2DEE /* viewModel.swift */; };
		E3C060322A510E52007A8232 /* Header.swift in Sources */ = {isa = PBXBuildFile; fileRef = E3C060312A510E52007A8232 /* Header.swift */; };
		E3C060342A5114C5007A8232 /* MainScreen.swift in Sources */ = {isa = PBXBuildFile; fileRef = E3C060332A5114C5007A8232 /* MainScreen.swift */; };
		E3C060362A511627007A8232 /* Hero.swift in Sources */ = {isa = PBXBuildFile; fileRef = E3C060352A511627007A8232 /* Hero.swift */; };
		E3C060382A511CB1007A8232 /* Font.swift in Sources */ = {isa = PBXBuildFile; fileRef = E3C060372A511CB1007A8232 /* Font.swift */; };
		E3C0603B2A512EDC007A8232 /* MenuItem.swift in Sources */ = {isa = PBXBuildFile; fileRef = E3C0603A2A512EDC007A8232 /* MenuItem.swift */; };
		E3C0603E2A513022007A8232 /* Dish+CoreDataClass.swift in Sources */ = {isa = PBXBuildFile; fileRef = E3C0603C2A513022007A8232 /* Dish+CoreDataClass.swift */; };
		E3C0603F2A513022007A8232 /* Dish+CoreDataProperties.swift in Sources */ = {isa = PBXBuildFile; fileRef = E3C0603D2A513022007A8232 /* Dish+CoreDataProperties.swift */; };
		E3C060472A513ED3007A8232 /* FetchedObjects.swift in Sources */ = {isa = PBXBuildFile; fileRef = E3C060422A513EC0007A8232 /* FetchedObjects.swift */; };
		E3C0604B2A51437E007A8232 /* DetailItem.swift in Sources */ = {isa = PBXBuildFile; fileRef = E3C0604A2A51437E007A8232 /* DetailItem.swift */; };
		E3C0604D2A514419007A8232 /* Persistence.swift in Sources */ = {isa = PBXBuildFile; fileRef = E3C0604C2A514419007A8232 /* Persistence.swift */; };
		E3C0604F2A5146F4007A8232 /* FoodItem.swift in Sources */ = {isa = PBXBuildFile; fileRef = E3C0604E2A5146F4007A8232 /* FoodItem.swift */; };
		E3C060512A5161FA007A8232 /* MenuList.swift in Sources */ = {isa = PBXBuildFile; fileRef = E3C060502A5161FA007A8232 /* MenuList.swift */; };
/* End PBXBuildFile section */

/* Begin PBXContainerItemProxy section */
		E313A17C2A4F61F7002B5617 /* PBXContainerItemProxy */ = {
			isa = PBXContainerItemProxy;
			containerPortal = E313A15E2A4F61F4002B5617 /* Project object */;
			proxyType = 1;
			remoteGlobalIDString = E313A1652A4F61F4002B5617;
			remoteInfo = "Little-Lemon-Food-Ordering-App";
		};
		E313A1862A4F61F7002B5617 /* PBXContainerItemProxy */ = {
			isa = PBXContainerItemProxy;
			containerPortal = E313A15E2A4F61F4002B5617 /* Project object */;
			proxyType = 1;
			remoteGlobalIDString = E313A1652A4F61F4002B5617;
			remoteInfo = "Little-Lemon-Food-Ordering-App";
		};
/* End PBXContainerItemProxy section */

/* Begin PBXFileReference section */
		E313A1662A4F61F4002B5617 /* Little-Lemon-Food-Ordering-App.app */ = {isa = PBXFileReference; explicitFileType = wrapper.application; includeInIndex = 0; path = "Little-Lemon-Food-Ordering-App.app"; sourceTree = BUILT_PRODUCTS_DIR; };
		E313A1692A4F61F4002B5617 /* Little_Lemon_Food_Ordering_AppApp.swift */ = {isa = PBXFileReference; lastKnownFileType = sourcecode.swift; path = Little_Lemon_Food_Ordering_AppApp.swift; sourceTree = "<group>"; };
		E313A16D2A4F61F7002B5617 /* Assets.xcassets */ = {isa = PBXFileReference; lastKnownFileType = folder.assetcatalog; path = Assets.xcassets; sourceTree = "<group>"; };
		E313A1702A4F61F7002B5617 /* Preview Assets.xcassets */ = {isa = PBXFileReference; lastKnownFileType = folder.assetcatalog; path = "Preview Assets.xcassets"; sourceTree = "<group>"; };
		E313A1752A4F61F7002B5617 /* Little_Lemon_Food_Ordering_App.xcdatamodel */ = {isa = PBXFileReference; lastKnownFileType = wrapper.xcdatamodel; path = Little_Lemon_Food_Ordering_App.xcdatamodel; sourceTree = "<group>"; };
		E313A17B2A4F61F7002B5617 /* Little-Lemon-Food-Ordering-AppTests.xctest */ = {isa = PBXFileReference; explicitFileType = wrapper.cfbundle; includeInIndex = 0; path = "Little-Lemon-Food-Ordering-AppTests.xctest"; sourceTree = BUILT_PRODUCTS_DIR; };
		E313A17F2A4F61F7002B5617 /* Little_Lemon_Food_Ordering_AppTests.swift */ = {isa = PBXFileReference; lastKnownFileType = sourcecode.swift; path = Little_Lemon_Food_Ordering_AppTests.swift; sourceTree = "<group>"; };
		E313A1852A4F61F7002B5617 /* Little-Lemon-Food-Ordering-AppUITests.xctest */ = {isa = PBXFileReference; explicitFileType = wrapper.cfbundle; includeInIndex = 0; path = "Little-Lemon-Food-Ordering-AppUITests.xctest"; sourceTree = BUILT_PRODUCTS_DIR; };
		E313A1892A4F61F7002B5617 /* Little_Lemon_Food_Ordering_AppUITests.swift */ = {isa = PBXFileReference; lastKnownFileType = sourcecode.swift; path = Little_Lemon_Food_Ordering_AppUITests.swift; sourceTree = "<group>"; };
		E313A18B2A4F61F7002B5617 /* Little_Lemon_Food_Ordering_AppUITestsLaunchTests.swift */ = {isa = PBXFileReference; lastKnownFileType = sourcecode.swift; path = Little_Lemon_Food_Ordering_AppUITestsLaunchTests.swift; sourceTree = "<group>"; };
		E32F28E42A50E628003A2DEE /* Onboarding.swift */ = {isa = PBXFileReference; lastKnownFileType = sourcecode.swift; path = Onboarding.swift; sourceTree = "<group>"; };
		E32F28E72A50F078003A2DEE /* Home.swift */ = {isa = PBXFileReference; lastKnownFileType = sourcecode.swift; path = Home.swift; sourceTree = "<group>"; };
		E32F28E92A50F142003A2DEE /* Menu.swift */ = {isa = PBXFileReference; lastKnownFileType = sourcecode.swift; path = Menu.swift; sourceTree = "<group>"; };
		E32F28EB2A50F5C8003A2DEE /* UserProfile.swift */ = {isa = PBXFileReference; lastKnownFileType = sourcecode.swift; path = UserProfile.swift; sourceTree = "<group>"; };
		E32F28EE2A50F9B8003A2DEE /* viewModel.swift */ = {isa = PBXFileReference; lastKnownFileType = sourcecode.swift; path = viewModel.swift; sourceTree = "<group>"; };
		E3C060312A510E52007A8232 /* Header.swift */ = {isa = PBXFileReference; lastKnownFileType = sourcecode.swift; path = Header.swift; sourceTree = "<group>"; };
		E3C060332A5114C5007A8232 /* MainScreen.swift */ = {isa = PBXFileReference; lastKnownFileType = sourcecode.swift; path = MainScreen.swift; sourceTree = "<group>"; };
		E3C060352A511627007A8232 /* Hero.swift */ = {isa = PBXFileReference; lastKnownFileType = sourcecode.swift; path = Hero.swift; sourceTree = "<group>"; };
		E3C060372A511CB1007A8232 /* Font.swift */ = {isa = PBXFileReference; lastKnownFileType = sourcecode.swift; path = Font.swift; sourceTree = "<group>"; };
		E3C0603A2A512EDC007A8232 /* MenuItem.swift */ = {isa = PBXFileReference; lastKnownFileType = sourcecode.swift; path = MenuItem.swift; sourceTree = "<group>"; };
		E3C0603C2A513022007A8232 /* Dish+CoreDataClass.swift */ = {isa = PBXFileReference; lastKnownFileType = sourcecode.swift; path = "Dish+CoreDataClass.swift"; sourceTree = "<group>"; };
		E3C0603D2A513022007A8232 /* Dish+CoreDataProperties.swift */ = {isa = PBXFileReference; lastKnownFileType = sourcecode.swift; path = "Dish+CoreDataProperties.swift"; sourceTree = "<group>"; };
		E3C060422A513EC0007A8232 /* FetchedObjects.swift */ = {isa = PBXFileReference; fileEncoding = 4; lastKnownFileType = sourcecode.swift; path = FetchedObjects.swift; sourceTree = "<group>"; };
		E3C0604A2A51437E007A8232 /* DetailItem.swift */ = {isa = PBXFileReference; lastKnownFileType = sourcecode.swift; path = DetailItem.swift; sourceTree = "<group>"; };
		E3C0604C2A514419007A8232 /* Persistence.swift */ = {isa = PBXFileReference; fileEncoding = 4; lastKnownFileType = sourcecode.swift; path = Persistence.swift; sourceTree = "<group>"; };
		E3C0604E2A5146F4007A8232 /* FoodItem.swift */ = {isa = PBXFileReference; lastKnownFileType = sourcecode.swift; path = FoodItem.swift; sourceTree = "<group>"; };
		E3C060502A5161FA007A8232 /* MenuList.swift */ = {isa = PBXFileReference; lastKnownFileType = sourcecode.swift; path = MenuList.swift; sourceTree = "<group>"; };
		E3C060522A516D74007A8232 /* Info.plist */ = {isa = PBXFileReference; lastKnownFileType = text.plist; path = Info.plist; sourceTree = "<group>"; };
/* End PBXFileReference section */

/* Begin PBXFrameworksBuildPhase section */
		E313A1632A4F61F4002B5617 /* Frameworks */ = {
			isa = PBXFrameworksBuildPhase;
			buildActionMask = 2147483647;
			files = (
			);
			runOnlyForDeploymentPostprocessing = 0;
		};
		E313A1782A4F61F7002B5617 /* Frameworks */ = {
			isa = PBXFrameworksBuildPhase;
			buildActionMask = 2147483647;
			files = (
			);
			runOnlyForDeploymentPostprocessing = 0;
		};
		E313A1822A4F61F7002B5617 /* Frameworks */ = {
			isa = PBXFrameworksBuildPhase;
			buildActionMask = 2147483647;
			files = (
			);
			runOnlyForDeploymentPostprocessing = 0;
		};
/* End PBXFrameworksBuildPhase section */

/* Begin PBXGroup section */
		E313A15D2A4F61F4002B5617 = {
			isa = PBXGroup;
			children = (
				E3C0603C2A513022007A8232 /* Dish+CoreDataClass.swift */,
				E3C0603D2A513022007A8232 /* Dish+CoreDataProperties.swift */,
				E313A1682A4F61F4002B5617 /* Little-Lemon-Food-Ordering-App */,
				E313A17E2A4F61F7002B5617 /* Little-Lemon-Food-Ordering-AppTests */,
				E313A1882A4F61F7002B5617 /* Little-Lemon-Food-Ordering-AppUITests */,
				E313A1672A4F61F4002B5617 /* Products */,
			);
			sourceTree = "<group>";
		};
		E313A1672A4F61F4002B5617 /* Products */ = {
			isa = PBXGroup;
			children = (
				E313A1662A4F61F4002B5617 /* Little-Lemon-Food-Ordering-App.app */,
				E313A17B2A4F61F7002B5617 /* Little-Lemon-Food-Ordering-AppTests.xctest */,
				E313A1852A4F61F7002B5617 /* Little-Lemon-Food-Ordering-AppUITests.xctest */,
			);
			name = Products;
			sourceTree = "<group>";
		};
		E313A1682A4F61F4002B5617 /* Little-Lemon-Food-Ordering-App */ = {
			isa = PBXGroup;
			children = (
				E3C060522A516D74007A8232 /* Info.plist */,
				E3C060392A512EB8007A8232 /* Model */,
				E3C060372A511CB1007A8232 /* Font.swift */,
				E313A1692A4F61F4002B5617 /* Little_Lemon_Food_Ordering_AppApp.swift */,
				E32F28ED2A50F98D003A2DEE /* ViewModel */,
				E32F28E62A50EAB8003A2DEE /* Views */,
				E313A16D2A4F61F7002B5617 /* Assets.xcassets */,
				E3C060422A513EC0007A8232 /* FetchedObjects.swift */,
				E3C0604C2A514419007A8232 /* Persistence.swift */,
				E313A1742A4F61F7002B5617 /* Little_Lemon_Food_Ordering_App.xcdatamodeld */,
				E313A16F2A4F61F7002B5617 /* Preview Content */,
			);
			path = "Little-Lemon-Food-Ordering-App";
			sourceTree = "<group>";
		};
		E313A16F2A4F61F7002B5617 /* Preview Content */ = {
			isa = PBXGroup;
			children = (
				E313A1702A4F61F7002B5617 /* Preview Assets.xcassets */,
			);
			path = "Preview Content";
			sourceTree = "<group>";
		};
		E313A17E2A4F61F7002B5617 /* Little-Lemon-Food-Ordering-AppTests */ = {
			isa = PBXGroup;
			children = (
				E313A17F2A4F61F7002B5617 /* Little_Lemon_Food_Ordering_AppTests.swift */,
			);
			path = "Little-Lemon-Food-Ordering-AppTests";
			sourceTree = "<group>";
		};
		E313A1882A4F61F7002B5617 /* Little-Lemon-Food-Ordering-AppUITests */ = {
			isa = PBXGroup;
			children = (
				E313A1892A4F61F7002B5617 /* Little_Lemon_Food_Ordering_AppUITests.swift */,
				E313A18B2A4F61F7002B5617 /* Little_Lemon_Food_Ordering_AppUITestsLaunchTests.swift */,
			);
			path = "Little-Lemon-Food-Ordering-AppUITests";
			sourceTree = "<group>";
		};
		E32F28E62A50EAB8003A2DEE /* Views */ = {
			isa = PBXGroup;
			children = (
				E32F28E42A50E628003A2DEE /* Onboarding.swift */,
				E32F28E72A50F078003A2DEE /* Home.swift */,
				E32F28E92A50F142003A2DEE /* Menu.swift */,
				E32F28EB2A50F5C8003A2DEE /* UserProfile.swift */,
				E3C060312A510E52007A8232 /* Header.swift */,
				E3C060332A5114C5007A8232 /* MainScreen.swift */,
				E3C060352A511627007A8232 /* Hero.swift */,
				E3C0604A2A51437E007A8232 /* DetailItem.swift */,
				E3C0604E2A5146F4007A8232 /* FoodItem.swift */,
			);
			path = Views;
			sourceTree = "<group>";
		};
		E32F28ED2A50F98D003A2DEE /* ViewModel */ = {
			isa = PBXGroup;
			children = (
				E32F28EE2A50F9B8003A2DEE /* viewModel.swift */,
			);
			path = ViewModel;
			sourceTree = "<group>";
		};
		E3C060392A512EB8007A8232 /* Model */ = {
			isa = PBXGroup;
			children = (
				E3C0603A2A512EDC007A8232 /* MenuItem.swift */,
				E3C060502A5161FA007A8232 /* MenuList.swift */,
			);
			path = Model;
			sourceTree = "<group>";
		};
/* End PBXGroup section */

/* Begin PBXNativeTarget section */
		E313A1652A4F61F4002B5617 /* Little-Lemon-Food-Ordering-App */ = {
			isa = PBXNativeTarget;
			buildConfigurationList = E313A18F2A4F61F7002B5617 /* Build configuration list for PBXNativeTarget "Little-Lemon-Food-Ordering-App" */;
			buildPhases = (
				E313A1622A4F61F4002B5617 /* Sources */,
				E313A1632A4F61F4002B5617 /* Frameworks */,
				E313A1642A4F61F4002B5617 /* Resources */,
			);
			buildRules = (
			);
			dependencies = (
			);
			name = "Little-Lemon-Food-Ordering-App";
			productName = "Little-Lemon-Food-Ordering-App";
			productReference = E313A1662A4F61F4002B5617 /* Little-Lemon-Food-Ordering-App.app */;
			productType = "com.apple.product-type.application";
		};
		E313A17A2A4F61F7002B5617 /* Little-Lemon-Food-Ordering-AppTests */ = {
			isa = PBXNativeTarget;
			buildConfigurationList = E313A1922A4F61F7002B5617 /* Build configuration list for PBXNativeTarget "Little-Lemon-Food-Ordering-AppTests" */;
			buildPhases = (
				E313A1772A4F61F7002B5617 /* Sources */,
				E313A1782A4F61F7002B5617 /* Frameworks */,
				E313A1792A4F61F7002B5617 /* Resources */,
			);
			buildRules = (
			);
			dependencies = (
				E313A17D2A4F61F7002B5617 /* PBXTargetDependency */,
			);
			name = "Little-Lemon-Food-Ordering-AppTests";
			productName = "Little-Lemon-Food-Ordering-AppTests";
			productReference = E313A17B2A4F61F7002B5617 /* Little-Lemon-Food-Ordering-AppTests.xctest */;
			productType = "com.apple.product-type.bundle.unit-test";
		};
		E313A1842A4F61F7002B5617 /* Little-Lemon-Food-Ordering-AppUITests */ = {
			isa = PBXNativeTarget;
			buildConfigurationList = E313A1952A4F61F7002B5617 /* Build configuration list for PBXNativeTarget "Little-Lemon-Food-Ordering-AppUITests" */;
			buildPhases = (
				E313A1812A4F61F7002B5617 /* Sources */,
				E313A1822A4F61F7002B5617 /* Frameworks */,
				E313A1832A4F61F7002B5617 /* Resources */,
			);
			buildRules = (
			);
			dependencies = (
				E313A1872A4F61F7002B5617 /* PBXTargetDependency */,
			);
			name = "Little-Lemon-Food-Ordering-AppUITests";
			productName = "Little-Lemon-Food-Ordering-AppUITests";
			productReference = E313A1852A4F61F7002B5617 /* Little-Lemon-Food-Ordering-AppUITests.xctest */;
			productType = "com.apple.product-type.bundle.ui-testing";
		};
/* End PBXNativeTarget section */

/* Begin PBXProject section */
		E313A15E2A4F61F4002B5617 /* Project object */ = {
			isa = PBXProject;
			attributes = {
				BuildIndependentTargetsInParallel = 1;
				LastSwiftUpdateCheck = 1420;
				LastUpgradeCheck = 1420;
				TargetAttributes = {
					E313A1652A4F61F4002B5617 = {
						CreatedOnToolsVersion = 14.2;
					};
					E313A17A2A4F61F7002B5617 = {
						CreatedOnToolsVersion = 14.2;
						TestTargetID = E313A1652A4F61F4002B5617;
					};
					E313A1842A4F61F7002B5617 = {
						CreatedOnToolsVersion = 14.2;
						TestTargetID = E313A1652A4F61F4002B5617;
					};
				};
			};
			buildConfigurationList = E313A1612A4F61F4002B5617 /* Build configuration list for PBXProject "Little-Lemon-Food-Ordering-App" */;
			compatibilityVersion = "Xcode 14.0";
			developmentRegion = en;
			hasScannedForEncodings = 0;
			knownRegions = (
				en,
				Base,
			);
			mainGroup = E313A15D2A4F61F4002B5617;
			productRefGroup = E313A1672A4F61F4002B5617 /* Products */;
			projectDirPath = "";
			projectRoot = "";
			targets = (
				E313A1652A4F61F4002B5617 /* Little-Lemon-Food-Ordering-App */,
				E313A17A2A4F61F7002B5617 /* Little-Lemon-Food-Ordering-AppTests */,
				E313A1842A4F61F7002B5617 /* Little-Lemon-Food-Ordering-AppUITests */,
			);
		};
/* End PBXProject section */

/* Begin PBXResourcesBuildPhase section */
		E313A1642A4F61F4002B5617 /* Resources */ = {
			isa = PBXResourcesBuildPhase;
			buildActionMask = 2147483647;
			files = (
				E313A1712A4F61F7002B5617 /* Preview Assets.xcassets in Resources */,
				E313A16E2A4F61F7002B5617 /* Assets.xcassets in Resources */,
			);
			runOnlyForDeploymentPostprocessing = 0;
		};
		E313A1792A4F61F7002B5617 /* Resources */ = {
			isa = PBXResourcesBuildPhase;
			buildActionMask = 2147483647;
			files = (
			);
			runOnlyForDeploymentPostprocessing = 0;
		};
		E313A1832A4F61F7002B5617 /* Resources */ = {
			isa = PBXResourcesBuildPhase;
			buildActionMask = 2147483647;
			files = (
			);
			runOnlyForDeploymentPostprocessing = 0;
		};
/* End PBXResourcesBuildPhase section */

/* Begin PBXSourcesBuildPhase section */
		E313A1622A4F61F4002B5617 /* Sources */ = {
			isa = PBXSourcesBuildPhase;
			buildActionMask = 2147483647;
			files = (
				E32F28EA2A50F142003A2DEE /* Menu.swift in Sources */,
				E3C060322A510E52007A8232 /* Header.swift in Sources */,
				E3C0604B2A51437E007A8232 /* DetailItem.swift in Sources */,
				E3C0604F2A5146F4007A8232 /* FoodItem.swift in Sources */,
				E3C0603F2A513022007A8232 /* Dish+CoreDataProperties.swift in Sources */,
				E3C060342A5114C5007A8232 /* MainScreen.swift in Sources */,
				E32F28EC2A50F5C8003A2DEE /* UserProfile.swift in Sources */,
				E32F28E52A50E628003A2DEE /* Onboarding.swift in Sources */,
				E3C060472A513ED3007A8232 /* FetchedObjects.swift in Sources */,
				E3C0603B2A512EDC007A8232 /* MenuItem.swift in Sources */,
				E3C0604D2A514419007A8232 /* Persistence.swift in Sources */,
				E3C0603E2A513022007A8232 /* Dish+CoreDataClass.swift in Sources */,
				E3C060362A511627007A8232 /* Hero.swift in Sources */,
				E32F28E82A50F078003A2DEE /* Home.swift in Sources */,
				E3C060382A511CB1007A8232 /* Font.swift in Sources */,
				E313A16A2A4F61F4002B5617 /* Little_Lemon_Food_Ordering_AppApp.swift in Sources */,
				E32F28EF2A50F9B9003A2DEE /* viewModel.swift in Sources */,
				E3C060512A5161FA007A8232 /* MenuList.swift in Sources */,
				E313A1762A4F61F7002B5617 /* Little_Lemon_Food_Ordering_App.xcdatamodeld in Sources */,
			);
			runOnlyForDeploymentPostprocessing = 0;
		};
		E313A1772A4F61F7002B5617 /* Sources */ = {
			isa = PBXSourcesBuildPhase;
			buildActionMask = 2147483647;
			files = (
				E313A1802A4F61F7002B5617 /* Little_Lemon_Food_Ordering_AppTests.swift in Sources */,
			);
			runOnlyForDeploymentPostprocessing = 0;
		};
		E313A1812A4F61F7002B5617 /* Sources */ = {
			isa = PBXSourcesBuildPhase;
			buildActionMask = 2147483647;
			files = (
				E313A18C2A4F61F7002B5617 /* Little_Lemon_Food_Ordering_AppUITestsLaunchTests.swift in Sources */,
				E313A18A2A4F61F7002B5617 /* Little_Lemon_Food_Ordering_AppUITests.swift in Sources */,
			);
			runOnlyForDeploymentPostprocessing = 0;
		};
/* End PBXSourcesBuildPhase section */

/* Begin PBXTargetDependency section */
		E313A17D2A4F61F7002B5617 /* PBXTargetDependency */ = {
			isa = PBXTargetDependency;
			target = E313A1652A4F61F4002B5617 /* Little-Lemon-Food-Ordering-App */;
			targetProxy = E313A17C2A4F61F7002B5617 /* PBXContainerItemProxy */;
		};
		E313A1872A4F61F7002B5617 /* PBXTargetDependency */ = {
			isa = PBXTargetDependency;
			target = E313A1652A4F61F4002B5617 /* Little-Lemon-Food-Ordering-App */;
			targetProxy = E313A1862A4F61F7002B5617 /* PBXContainerItemProxy */;
		};
/* End PBXTargetDependency section */

/* Begin XCBuildConfiguration section */
		E313A18D2A4F61F7002B5617 /* Debug */ = {
			isa = XCBuildConfiguration;
			buildSettings = {
				ALWAYS_SEARCH_USER_PATHS = NO;
				CLANG_ANALYZER_NONNULL = YES;
				CLANG_ANALYZER_NUMBER_OBJECT_CONVERSION = YES_AGGRESSIVE;
				CLANG_CXX_LANGUAGE_STANDARD = "gnu++20";
				CLANG_ENABLE_MODULES = YES;
				CLANG_ENABLE_OBJC_ARC = YES;
				CLANG_ENABLE_OBJC_WEAK = YES;
				CLANG_WARN_BLOCK_CAPTURE_AUTORELEASING = YES;
				CLANG_WARN_BOOL_CONVERSION = YES;
				CLANG_WARN_COMMA = YES;
				CLANG_WARN_CONSTANT_CONVERSION = YES;
				CLANG_WARN_DEPRECATED_OBJC_IMPLEMENTATIONS = YES;
				CLANG_WARN_DIRECT_OBJC_ISA_USAGE = YES_ERROR;
				CLANG_WARN_DOCUMENTATION_COMMENTS = YES;
				CLANG_WARN_EMPTY_BODY = YES;
				CLANG_WARN_ENUM_CONVERSION = YES;
				CLANG_WARN_INFINITE_RECURSION = YES;
				CLANG_WARN_INT_CONVERSION = YES;
				CLANG_WARN_NON_LITERAL_NULL_CONVERSION = YES;
				CLANG_WARN_OBJC_IMPLICIT_RETAIN_SELF = YES;
				CLANG_WARN_OBJC_LITERAL_CONVERSION = YES;
				CLANG_WARN_OBJC_ROOT_CLASS = YES_ERROR;
				CLANG_WARN_QUOTED_INCLUDE_IN_FRAMEWORK_HEADER = YES;
				CLANG_WARN_RANGE_LOOP_ANALYSIS = YES;
				CLANG_WARN_STRICT_PROTOTYPES = YES;
				CLANG_WARN_SUSPICIOUS_MOVE = YES;
				CLANG_WARN_UNGUARDED_AVAILABILITY = YES_AGGRESSIVE;
				CLANG_WARN_UNREACHABLE_CODE = YES;
				CLANG_WARN__DUPLICATE_METHOD_MATCH = YES;
				COPY_PHASE_STRIP = NO;
				DEBUG_INFORMATION_FORMAT = dwarf;
				ENABLE_STRICT_OBJC_MSGSEND = YES;
				ENABLE_TESTABILITY = YES;
				GCC_C_LANGUAGE_STANDARD = gnu11;
				GCC_DYNAMIC_NO_PIC = NO;
				GCC_NO_COMMON_BLOCKS = YES;
				GCC_OPTIMIZATION_LEVEL = 0;
				GCC_PREPROCESSOR_DEFINITIONS = (
					"DEBUG=1",
					"$(inherited)",
				);
				GCC_WARN_64_TO_32_BIT_CONVERSION = YES;
				GCC_WARN_ABOUT_RETURN_TYPE = YES_ERROR;
				GCC_WARN_UNDECLARED_SELECTOR = YES;
				GCC_WARN_UNINITIALIZED_AUTOS = YES_AGGRESSIVE;
				GCC_WARN_UNUSED_FUNCTION = YES;
				GCC_WARN_UNUSED_VARIABLE = YES;
				IPHONEOS_DEPLOYMENT_TARGET = 16.2;
				MTL_ENABLE_DEBUG_INFO = INCLUDE_SOURCE;
				MTL_FAST_MATH = YES;
				ONLY_ACTIVE_ARCH = YES;
				SDKROOT = iphoneos;
				SWIFT_ACTIVE_COMPILATION_CONDITIONS = DEBUG;
				SWIFT_OPTIMIZATION_LEVEL = "-Onone";
			};
			name = Debug;
		};
		E313A18E2A4F61F7002B5617 /* Release */ = {
			isa = XCBuildConfiguration;
			buildSettings = {
				ALWAYS_SEARCH_USER_PATHS = NO;
				CLANG_ANALYZER_NONNULL = YES;
				CLANG_ANALYZER_NUMBER_OBJECT_CONVERSION = YES_AGGRESSIVE;
				CLANG_CXX_LANGUAGE_STANDARD = "gnu++20";
				CLANG_ENABLE_MODULES = YES;
				CLANG_ENABLE_OBJC_ARC = YES;
				CLANG_ENABLE_OBJC_WEAK = YES;
				CLANG_WARN_BLOCK_CAPTURE_AUTORELEASING = YES;
				CLANG_WARN_BOOL_CONVERSION = YES;
				CLANG_WARN_COMMA = YES;
				CLANG_WARN_CONSTANT_CONVERSION = YES;
				CLANG_WARN_DEPRECATED_OBJC_IMPLEMENTATIONS = YES;
				CLANG_WARN_DIRECT_OBJC_ISA_USAGE = YES_ERROR;
				CLANG_WARN_DOCUMENTATION_COMMENTS = YES;
				CLANG_WARN_EMPTY_BODY = YES;
				CLANG_WARN_ENUM_CONVERSION = YES;
				CLANG_WARN_INFINITE_RECURSION = YES;
				CLANG_WARN_INT_CONVERSION = YES;
				CLANG_WARN_NON_LITERAL_NULL_CONVERSION = YES;
				CLANG_WARN_OBJC_IMPLICIT_RETAIN_SELF = YES;
				CLANG_WARN_OBJC_LITERAL_CONVERSION = YES;
				CLANG_WARN_OBJC_ROOT_CLASS = YES_ERROR;
				CLANG_WARN_QUOTED_INCLUDE_IN_FRAMEWORK_HEADER = YES;
				CLANG_WARN_RANGE_LOOP_ANALYSIS = YES;
				CLANG_WARN_STRICT_PROTOTYPES = YES;
				CLANG_WARN_SUSPICIOUS_MOVE = YES;
				CLANG_WARN_UNGUARDED_AVAILABILITY = YES_AGGRESSIVE;
				CLANG_WARN_UNREACHABLE_CODE = YES;
				CLANG_WARN__DUPLICATE_METHOD_MATCH = YES;
				COPY_PHASE_STRIP = NO;
				DEBUG_INFORMATION_FORMAT = "dwarf-with-dsym";
				ENABLE_NS_ASSERTIONS = NO;
				ENABLE_STRICT_OBJC_MSGSEND = YES;
				GCC_C_LANGUAGE_STANDARD = gnu11;
				GCC_NO_COMMON_BLOCKS = YES;
				GCC_WARN_64_TO_32_BIT_CONVERSION = YES;
				GCC_WARN_ABOUT_RETURN_TYPE = YES_ERROR;
				GCC_WARN_UNDECLARED_SELECTOR = YES;
				GCC_WARN_UNINITIALIZED_AUTOS = YES_AGGRESSIVE;
				GCC_WARN_UNUSED_FUNCTION = YES;
				GCC_WARN_UNUSED_VARIABLE = YES;
				IPHONEOS_DEPLOYMENT_TARGET = 16.2;
				MTL_ENABLE_DEBUG_INFO = NO;
				MTL_FAST_MATH = YES;
				SDKROOT = iphoneos;
				SWIFT_COMPILATION_MODE = wholemodule;
				SWIFT_OPTIMIZATION_LEVEL = "-O";
				VALIDATE_PRODUCT = YES;
			};
			name = Release;
		};
		E313A1902A4F61F7002B5617 /* Debug */ = {
			isa = XCBuildConfiguration;
			buildSettings = {
				ASSETCATALOG_COMPILER_APPICON_NAME = AppIcon;
				ASSETCATALOG_COMPILER_GLOBAL_ACCENT_COLOR_NAME = AccentColor;
				CODE_SIGN_STYLE = Automatic;
				CURRENT_PROJECT_VERSION = 1;
				DEVELOPMENT_ASSET_PATHS = "\"Little-Lemon-Food-Ordering-App/Preview Content\"";
				DEVELOPMENT_TEAM = 7W7N543YH7;
				ENABLE_PREVIEWS = YES;
				GENERATE_INFOPLIST_FILE = YES;
				INFOPLIST_FILE = "Little-Lemon-Food-Ordering-App/Info.plist";
				INFOPLIST_KEY_UIApplicationSupportsIndirectInputEvents = YES;
				INFOPLIST_KEY_UILaunchScreen_Generation = YES;
				INFOPLIST_KEY_UISupportedInterfaceOrientations_iPad = "UIInterfaceOrientationPortrait UIInterfaceOrientationPortraitUpsideDown UIInterfaceOrientationLandscapeLeft UIInterfaceOrientationLandscapeRight";
				INFOPLIST_KEY_UISupportedInterfaceOrientations_iPhone = "UIInterfaceOrientationPortrait UIInterfaceOrientationLandscapeLeft UIInterfaceOrientationLandscapeRight";
				LD_RUNPATH_SEARCH_PATHS = (
					"$(inherited)",
					"@executable_path/Frameworks",
				);
				MARKETING_VERSION = 1.0;
				PRODUCT_BUNDLE_IDENTIFIER = "EOA-industry.Little-Lemon-Food-Ordering-App";
				PRODUCT_NAME = "$(TARGET_NAME)";
				SWIFT_EMIT_LOC_STRINGS = YES;
				SWIFT_VERSION = 5.0;
				TARGETED_DEVICE_FAMILY = "1,2";
			};
			name = Debug;
		};
		E313A1912A4F61F7002B5617 /* Release */ = {
			isa = XCBuildConfiguration;
			buildSettings = {
				ASSETCATALOG_COMPILER_APPICON_NAME = AppIcon;
				ASSETCATALOG_COMPILER_GLOBAL_ACCENT_COLOR_NAME = AccentColor;
				CODE_SIGN_STYLE = Automatic;
				CURRENT_PROJECT_VERSION = 1;
				DEVELOPMENT_ASSET_PATHS = "\"Little-Lemon-Food-Ordering-App/Preview Content\"";
				DEVELOPMENT_TEAM = 7W7N543YH7;
				ENABLE_PREVIEWS = YES;
				GENERATE_INFOPLIST_FILE = YES;
				INFOPLIST_FILE = "Little-Lemon-Food-Ordering-App/Info.plist";
				INFOPLIST_KEY_UIApplicationSupportsIndirectInputEvents = YES;
				INFOPLIST_KEY_UILaunchScreen_Generation = YES;
				INFOPLIST_KEY_UISupportedInterfaceOrientations_iPad = "UIInterfaceOrientationPortrait UIInterfaceOrientationPortraitUpsideDown UIInterfaceOrientationLandscapeLeft UIInterfaceOrientationLandscapeRight";
				INFOPLIST_KEY_UISupportedInterfaceOrientations_iPhone = "UIInterfaceOrientationPortrait UIInterfaceOrientationLandscapeLeft UIInterfaceOrientationLandscapeRight";
				LD_RUNPATH_SEARCH_PATHS = (
					"$(inherited)",
					"@executable_path/Frameworks",
				);
				MARKETING_VERSION = 1.0;
				PRODUCT_BUNDLE_IDENTIFIER = "EOA-industry.Little-Lemon-Food-Ordering-App";
				PRODUCT_NAME = "$(TARGET_NAME)";
				SWIFT_EMIT_LOC_STRINGS = YES;
				SWIFT_VERSION = 5.0;
				TARGETED_DEVICE_FAMILY = "1,2";
			};
			name = Release;
		};
		E313A1932A4F61F7002B5617 /* Debug */ = {
			isa = XCBuildConfiguration;
			buildSettings = {
				ALWAYS_EMBED_SWIFT_STANDARD_LIBRARIES = YES;
				BUNDLE_LOADER = "$(TEST_HOST)";
				CODE_SIGN_STYLE = Automatic;
				CURRENT_PROJECT_VERSION = 1;
				DEVELOPMENT_TEAM = 7W7N543YH7;
				GENERATE_INFOPLIST_FILE = YES;
				IPHONEOS_DEPLOYMENT_TARGET = 16.2;
				MARKETING_VERSION = 1.0;
				PRODUCT_BUNDLE_IDENTIFIER = "EOA-industry.Little-Lemon-Food-Ordering-AppTests";
				PRODUCT_NAME = "$(TARGET_NAME)";
				SWIFT_EMIT_LOC_STRINGS = NO;
				SWIFT_VERSION = 5.0;
				TARGETED_DEVICE_FAMILY = "1,2";
				TEST_HOST = "$(BUILT_PRODUCTS_DIR)/Little-Lemon-Food-Ordering-App.app/$(BUNDLE_EXECUTABLE_FOLDER_PATH)/Little-Lemon-Food-Ordering-App";
			};
			name = Debug;
		};
		E313A1942A4F61F7002B5617 /* Release */ = {
			isa = XCBuildConfiguration;
			buildSettings = {
				ALWAYS_EMBED_SWIFT_STANDARD_LIBRARIES = YES;
				BUNDLE_LOADER = "$(TEST_HOST)";
				CODE_SIGN_STYLE = Automatic;
				CURRENT_PROJECT_VERSION = 1;
				DEVELOPMENT_TEAM = 7W7N543YH7;
				GENERATE_INFOPLIST_FILE = YES;
				IPHONEOS_DEPLOYMENT_TARGET = 16.2;
				MARKETING_VERSION = 1.0;
				PRODUCT_BUNDLE_IDENTIFIER = "EOA-industry.Little-Lemon-Food-Ordering-AppTests";
				PRODUCT_NAME = "$(TARGET_NAME)";
				SWIFT_EMIT_LOC_STRINGS = NO;
				SWIFT_VERSION = 5.0;
				TARGETED_DEVICE_FAMILY = "1,2";
				TEST_HOST = "$(BUILT_PRODUCTS_DIR)/Little-Lemon-Food-Ordering-App.app/$(BUNDLE_EXECUTABLE_FOLDER_PATH)/Little-Lemon-Food-Ordering-App";
			};
			name = Release;
		};
		E313A1962A4F61F7002B5617 /* Debug */ = {
			isa = XCBuildConfiguration;
			buildSettings = {
				ALWAYS_EMBED_SWIFT_STANDARD_LIBRARIES = YES;
				CODE_SIGN_STYLE = Automatic;
				CURRENT_PROJECT_VERSION = 1;
				DEVELOPMENT_TEAM = 7W7N543YH7;
				GENERATE_INFOPLIST_FILE = YES;
				MARKETING_VERSION = 1.0;
				PRODUCT_BUNDLE_IDENTIFIER = "EOA-industry.Little-Lemon-Food-Ordering-AppUITests";
				PRODUCT_NAME = "$(TARGET_NAME)";
				SWIFT_EMIT_LOC_STRINGS = NO;
				SWIFT_VERSION = 5.0;
				TARGETED_DEVICE_FAMILY = "1,2";
				TEST_TARGET_NAME = "Little-Lemon-Food-Ordering-App";
			};
			name = Debug;
		};
		E313A1972A4F61F7002B5617 /* Release */ = {
			isa = XCBuildConfiguration;
			buildSettings = {
				ALWAYS_EMBED_SWIFT_STANDARD_LIBRARIES = YES;
				CODE_SIGN_STYLE = Automatic;
				CURRENT_PROJECT_VERSION = 1;
				DEVELOPMENT_TEAM = 7W7N543YH7;
				GENERATE_INFOPLIST_FILE = YES;
				MARKETING_VERSION = 1.0;
				PRODUCT_BUNDLE_IDENTIFIER = "EOA-industry.Little-Lemon-Food-Ordering-AppUITests";
				PRODUCT_NAME = "$(TARGET_NAME)";
				SWIFT_EMIT_LOC_STRINGS = NO;
				SWIFT_VERSION = 5.0;
				TARGETED_DEVICE_FAMILY = "1,2";
				TEST_TARGET_NAME = "Little-Lemon-Food-Ordering-App";
			};
			name = Release;
		};
/* End XCBuildConfiguration section */

/* Begin XCConfigurationList section */
		E313A1612A4F61F4002B5617 /* Build configuration list for PBXProject "Little-Lemon-Food-Ordering-App" */ = {
			isa = XCConfigurationList;
			buildConfigurations = (
				E313A18D2A4F61F7002B5617 /* Debug */,
				E313A18E2A4F61F7002B5617 /* Release */,
			);
			defaultConfigurationIsVisible = 0;
			defaultConfigurationName = Release;
		};
		E313A18F2A4F61F7002B5617 /* Build configuration list for PBXNativeTarget "Little-Lemon-Food-Ordering-App" */ = {
			isa = XCConfigurationList;
			buildConfigurations = (
				E313A1902A4F61F7002B5617 /* Debug */,
				E313A1912A4F61F7002B5617 /* Release */,
			);
			defaultConfigurationIsVisible = 0;
			defaultConfigurationName = Release;
		};
		E313A1922A4F61F7002B5617 /* Build configuration list for PBXNativeTarget "Little-Lemon-Food-Ordering-AppTests" */ = {
			isa = XCConfigurationList;
			buildConfigurations = (
				E313A1932A4F61F7002B5617 /* Debug */,
				E313A1942A4F61F7002B5617 /* Release */,
			);
			defaultConfigurationIsVisible = 0;
			defaultConfigurationName = Release;
		};
		E313A1952A4F61F7002B5617 /* Build configuration list for PBXNativeTarget "Little-Lemon-Food-Ordering-AppUITests" */ = {
			isa = XCConfigurationList;
			buildConfigurations = (
				E313A1962A4F61F7002B5617 /* Debug */,
				E313A1972A4F61F7002B5617 /* Release */,
			);
			defaultConfigurationIsVisible = 0;
			defaultConfigurationName = Release;
		};
/* End XCConfigurationList section */

/* Begin XCVersionGroup section */
		E313A1742A4F61F7002B5617 /* Little_Lemon_Food_Ordering_App.xcdatamodeld */ = {
			isa = XCVersionGroup;
			children = (
				E313A1752A4F61F7002B5617 /* Little_Lemon_Food_Ordering_App.xcdatamodel */,
			);
			currentVersion = E313A1752A4F61F7002B5617 /* Little_Lemon_Food_Ordering_App.xcdatamodel */;
			path = Little_Lemon_Food_Ordering_App.xcdatamodeld;
			sourceTree = "<group>";
			versionGroupType = wrapper.xcdatamodel;
		};
/* End XCVersionGroup section */
	};
	rootObject = E313A15E2A4F61F4002B5617 /* Project object */;
}
